
Microsoft Visual Studio Solution File, Format Version 12.00
# Visual Studio Version 17
VisualStudioVersion = 17.0.31903.59
MinimumVisualStudioVersion = 10.0.40219.1
Project("{FAE04EC0-301F-11D3-BF4B-00C04F79EFBC}") = "ATM.Domain", "ATM.Domain\ATM.Domain.csproj", "{FBA7A584-CED0-4A4F-990E-0282C073BE39}"
EndProject
Project("{FAE04EC0-301F-11D3-BF4B-00C04F79EFBC}") = "ATM.Domain.Tests", "ATM.Domain.Tests\ATM.Domain.Tests.csproj", "{B73BB768-41A0-4F29-B623-834E695ED91B}"
EndProject
Global
	GlobalSection(SolutionConfigurationPlatforms) = preSolution
		Debug|Any CPU = Debug|Any CPU
		Debug|x64 = Debug|x64
		Debug|x86 = Debug|x86
		Release|Any CPU = Release|Any CPU
		Release|x64 = Release|x64
		Release|x86 = Release|x86
	EndGlobalSection
	GlobalSection(ProjectConfigurationPlatforms) = postSolution
		{FBA7A584-CED0-4A4F-990E-0282C073BE39}.Debug|Any CPU.ActiveCfg = Debug|Any CPU
		{FBA7A584-CED0-4A4F-990E-0282C073BE39}.Debug|Any CPU.Build.0 = Debug|Any CPU
		{FBA7A584-CED0-4A4F-990E-0282C073BE39}.Debug|x64.ActiveCfg = Debug|Any CPU
		{FBA7A584-CED0-4A4F-990E-0282C073BE39}.Debug|x64.Build.0 = Debug|Any CPU
		{FBA7A584-CED0-4A4F-990E-0282C073BE39}.Debug|x86.ActiveCfg = Debug|Any CPU
		{FBA7A584-CED0-4A4F-990E-0282C073BE39}.Debug|x86.Build.0 = Debug|Any CPU
		{FBA7A584-CED0-4A4F-990E-0282C073BE39}.Release|Any CPU.ActiveCfg = Release|Any CPU
		{FBA7A584-CED0-4A4F-990E-0282C073BE39}.Release|Any CPU.Build.0 = Release|Any CPU
		{FBA7A584-CED0-4A4F-990E-0282C073BE39}.Release|x64.ActiveCfg = Release|Any CPU
		{FBA7A584-CED0-4A4F-990E-0282C073BE39}.Release|x64.Build.0 = Release|Any CPU
		{FBA7A584-CED0-4A4F-990E-0282C073BE39}.Release|x86.ActiveCfg = Release|Any CPU
		{FBA7A584-CED0-4A4F-990E-0282C073BE39}.Release|x86.Build.0 = Release|Any CPU
		{B73BB768-41A0-4F29-B623-834E695ED91B}.Debug|Any CPU.ActiveCfg = Debug|Any CPU
		{B73BB768-41A0-4F29-B623-834E695ED91B}.Debug|Any CPU.Build.0 = Debug|Any CPU
		{B73BB768-41A0-4F29-B623-834E695ED91B}.Debug|x64.ActiveCfg = Debug|Any CPU
		{B73BB768-41A0-4F29-B623-834E695ED91B}.Debug|x64.Build.0 = Debug|Any CPU
		{B73BB768-41A0-4F29-B623-834E695ED91B}.Debug|x86.ActiveCfg = Debug|Any CPU
		{B73BB768-41A0-4F29-B623-834E695ED91B}.Debug|x86.Build.0 = Debug|Any CPU
		{B73BB768-41A0-4F29-B623-834E695ED91B}.Release|Any CPU.ActiveCfg = Release|Any CPU
		{B73BB768-41A0-4F29-B623-834E695ED91B}.Release|Any CPU.Build.0 = Release|Any CPU
		{B73BB768-41A0-4F29-B623-834E695ED91B}.Release|x64.ActiveCfg = Release|Any CPU
		{B73BB768-41A0-4F29-B623-834E695ED91B}.Release|x64.Build.0 = Release|Any CPU
		{B73BB768-41A0-4F29-B623-834E695ED91B}.Release|x86.ActiveCfg = Release|Any CPU
		{B73BB768-41A0-4F29-B623-834E695ED91B}.Release|x86.Build.0 = Release|Any CPU
	EndGlobalSection
	GlobalSection(SolutionProperties) = preSolution
		HideSolutionNode = FALSE
	EndGlobalSection
EndGlobal
